// !$*UTF8*$!
{
	archiveVersion = 1;
	classes = {
	};
	objectVersion = 46;
	objects = {

/* Begin PBXBuildFile section */
		F10C8E531BF39F7D00DA4056 /* ViewControllerExtension.swift in Sources */ = {isa = PBXBuildFile; fileRef = F10C8E521BF39F7D00DA4056 /* ViewControllerExtension.swift */; };
		F13939B31BE5C4D400155A40 /* AppDelegate.swift in Sources */ = {isa = PBXBuildFile; fileRef = F13939B21BE5C4D400155A40 /* AppDelegate.swift */; };
		F13939B51BE5C4D400155A40 /* EditorViewController.swift in Sources */ = {isa = PBXBuildFile; fileRef = F13939B41BE5C4D400155A40 /* EditorViewController.swift */; };
		F13939B81BE5C4D400155A40 /* Main.storyboard in Resources */ = {isa = PBXBuildFile; fileRef = F13939B61BE5C4D400155A40 /* Main.storyboard */; };
		F13939BA1BE5C4D400155A40 /* Assets.xcassets in Resources */ = {isa = PBXBuildFile; fileRef = F13939B91BE5C4D400155A40 /* Assets.xcassets */; };
		F13939BD1BE5C4D400155A40 /* LaunchScreen.storyboard in Resources */ = {isa = PBXBuildFile; fileRef = F13939BB1BE5C4D400155A40 /* LaunchScreen.storyboard */; };
		F13939C81BE5C4D400155A40 /* MemeTests.swift in Sources */ = {isa = PBXBuildFile; fileRef = F13939C71BE5C4D400155A40 /* MemeTests.swift */; };
		F13939D31BE5C4D400155A40 /* MemeUITests.swift in Sources */ = {isa = PBXBuildFile; fileRef = F13939D21BE5C4D400155A40 /* MemeUITests.swift */; };
		F13939E11BE5FBEE00155A40 /* MemeTextFieldDelegate.swift in Sources */ = {isa = PBXBuildFile; fileRef = F13939E01BE5FBEE00155A40 /* MemeTextFieldDelegate.swift */; };
		F1393A1D1BE6582A00155A40 /* Meme.swift in Sources */ = {isa = PBXBuildFile; fileRef = F1393A1C1BE6582A00155A40 /* Meme.swift */; };
		F1394DFA1BEA4A1F0064DF96 /* Impact.ttf in Resources */ = {isa = PBXBuildFile; fileRef = F1394DF91BEA4A1E0064DF96 /* Impact.ttf */; };
		F1892BB61BF1EC6E0015BE44 /* CollectionViewController.swift in Sources */ = {isa = PBXBuildFile; fileRef = F1892BB51BF1EC6E0015BE44 /* CollectionViewController.swift */; };
		F1892BB81BF1EDAD0015BE44 /* TableViewController.swift in Sources */ = {isa = PBXBuildFile; fileRef = F1892BB71BF1EDAD0015BE44 /* TableViewController.swift */; };
		F1892BBA1BF1F7030015BE44 /* CustomMemeCell.swift in Sources */ = {isa = PBXBuildFile; fileRef = F1892BB91BF1F7030015BE44 /* CustomMemeCell.swift */; };
		F1892BBC1BF1FCB40015BE44 /* DetailViewController.swift in Sources */ = {isa = PBXBuildFile; fileRef = F1892BBB1BF1FCB40015BE44 /* DetailViewController.swift */; };
/* End PBXBuildFile section */

/* Begin PBXContainerItemProxy section */
		F13939C41BE5C4D400155A40 /* PBXContainerItemProxy */ = {
			isa = PBXContainerItemProxy;
			containerPortal = F13939A71BE5C4D300155A40 /* Project object */;
			proxyType = 1;
			remoteGlobalIDString = F13939AE1BE5C4D300155A40;
			remoteInfo = MemeV0;
		};
		F13939CF1BE5C4D400155A40 /* PBXContainerItemProxy */ = {
			isa = PBXContainerItemProxy;
			containerPortal = F13939A71BE5C4D300155A40 /* Project object */;
			proxyType = 1;
			remoteGlobalIDString = F13939AE1BE5C4D300155A40;
			remoteInfo = MemeV0;
		};
/* End PBXContainerItemProxy section */

/* Begin PBXFileReference section */
		F10C8E521BF39F7D00DA4056 /* ViewControllerExtension.swift */ = {isa = PBXFileReference; fileEncoding = 4; lastKnownFileType = sourcecode.swift; path = ViewControllerExtension.swift; sourceTree = "<group>"; };
		F13939AF1BE5C4D300155A40 /* Meme.app */ = {isa = PBXFileReference; explicitFileType = wrapper.application; includeInIndex = 0; path = Meme.app; sourceTree = BUILT_PRODUCTS_DIR; };
		F13939B21BE5C4D400155A40 /* AppDelegate.swift */ = {isa = PBXFileReference; lastKnownFileType = sourcecode.swift; path = AppDelegate.swift; sourceTree = "<group>"; };
		F13939B41BE5C4D400155A40 /* EditorViewController.swift */ = {isa = PBXFileReference; lastKnownFileType = sourcecode.swift; path = EditorViewController.swift; sourceTree = "<group>"; };
		F13939B71BE5C4D400155A40 /* Base */ = {isa = PBXFileReference; lastKnownFileType = file.storyboard; name = Base; path = Base.lproj/Main.storyboard; sourceTree = "<group>"; };
		F13939B91BE5C4D400155A40 /* Assets.xcassets */ = {isa = PBXFileReference; lastKnownFileType = folder.assetcatalog; path = Assets.xcassets; sourceTree = "<group>"; };
		F13939BC1BE5C4D400155A40 /* Base */ = {isa = PBXFileReference; lastKnownFileType = file.storyboard; name = Base; path = Base.lproj/LaunchScreen.storyboard; sourceTree = "<group>"; };
		F13939BE1BE5C4D400155A40 /* Info.plist */ = {isa = PBXFileReference; lastKnownFileType = text.plist.xml; path = Info.plist; sourceTree = "<group>"; };
		F13939C31BE5C4D400155A40 /* Meme.xctest */ = {isa = PBXFileReference; explicitFileType = wrapper.cfbundle; includeInIndex = 0; path = Meme.xctest; sourceTree = BUILT_PRODUCTS_DIR; };
		F13939C71BE5C4D400155A40 /* MemeTests.swift */ = {isa = PBXFileReference; lastKnownFileType = sourcecode.swift; path = MemeTests.swift; sourceTree = "<group>"; };
		F13939C91BE5C4D400155A40 /* Info.plist */ = {isa = PBXFileReference; lastKnownFileType = text.plist.xml; path = Info.plist; sourceTree = "<group>"; };
		F13939CE1BE5C4D400155A40 /* Meme.xctest */ = {isa = PBXFileReference; explicitFileType = wrapper.cfbundle; includeInIndex = 0; path = Meme.xctest; sourceTree = BUILT_PRODUCTS_DIR; };
		F13939D21BE5C4D400155A40 /* MemeUITests.swift */ = {isa = PBXFileReference; lastKnownFileType = sourcecode.swift; path = MemeUITests.swift; sourceTree = "<group>"; };
		F13939D41BE5C4D400155A40 /* Info.plist */ = {isa = PBXFileReference; lastKnownFileType = text.plist.xml; path = Info.plist; sourceTree = "<group>"; };
		F13939E01BE5FBEE00155A40 /* MemeTextFieldDelegate.swift */ = {isa = PBXFileReference; fileEncoding = 4; lastKnownFileType = sourcecode.swift; path = MemeTextFieldDelegate.swift; sourceTree = "<group>"; };
		F1393A1C1BE6582A00155A40 /* Meme.swift */ = {isa = PBXFileReference; fileEncoding = 4; lastKnownFileType = sourcecode.swift; path = Meme.swift; sourceTree = "<group>"; };
		F1394DF91BEA4A1E0064DF96 /* Impact.ttf */ = {isa = PBXFileReference; lastKnownFileType = file; path = Impact.ttf; sourceTree = "<group>"; };
		F1892BB51BF1EC6E0015BE44 /* CollectionViewController.swift */ = {isa = PBXFileReference; fileEncoding = 4; lastKnownFileType = sourcecode.swift; path = CollectionViewController.swift; sourceTree = "<group>"; };
		F1892BB71BF1EDAD0015BE44 /* TableViewController.swift */ = {isa = PBXFileReference; fileEncoding = 4; lastKnownFileType = sourcecode.swift; path = TableViewController.swift; sourceTree = "<group>"; };
		F1892BB91BF1F7030015BE44 /* CustomMemeCell.swift */ = {isa = PBXFileReference; fileEncoding = 4; lastKnownFileType = sourcecode.swift; path = CustomMemeCell.swift; sourceTree = "<group>"; };
		F1892BBB1BF1FCB40015BE44 /* DetailViewController.swift */ = {isa = PBXFileReference; fileEncoding = 4; lastKnownFileType = sourcecode.swift; path = DetailViewController.swift; sourceTree = "<group>"; };
/* End PBXFileReference section */

/* Begin PBXFrameworksBuildPhase section */
		F13939AC1BE5C4D300155A40 /* Frameworks */ = {
			isa = PBXFrameworksBuildPhase;
			buildActionMask = 2147483647;
			files = (
			);
			runOnlyForDeploymentPostprocessing = 0;
		};
		F13939C01BE5C4D400155A40 /* Frameworks */ = {
			isa = PBXFrameworksBuildPhase;
			buildActionMask = 2147483647;
			files = (
			);
			runOnlyForDeploymentPostprocessing = 0;
		};
		F13939CB1BE5C4D400155A40 /* Frameworks */ = {
			isa = PBXFrameworksBuildPhase;
			buildActionMask = 2147483647;
			files = (
			);
			runOnlyForDeploymentPostprocessing = 0;
		};
/* End PBXFrameworksBuildPhase section */

/* Begin PBXGroup section */
		F13939A61BE5C4D300155A40 = {
			isa = PBXGroup;
			children = (
				F13939B11BE5C4D300155A40 /* Meme */,
				F13939C61BE5C4D400155A40 /* MemeTests */,
				F13939D11BE5C4D400155A40 /* MemeUITests */,
				F13939B01BE5C4D300155A40 /* Products */,
			);
			sourceTree = "<group>";
		};
		F13939B01BE5C4D300155A40 /* Products */ = {
			isa = PBXGroup;
			children = (
				F13939AF1BE5C4D300155A40 /* Meme.app */,
				F13939C31BE5C4D400155A40 /* Meme.xctest */,
				F13939CE1BE5C4D400155A40 /* Meme.xctest */,
			);
			name = Products;
			sourceTree = "<group>";
		};
		F13939B11BE5C4D300155A40 /* Meme */ = {
			isa = PBXGroup;
			children = (
				F13939B21BE5C4D400155A40 /* AppDelegate.swift */,
				F10C8E521BF39F7D00DA4056 /* ViewControllerExtension.swift */,
				F13939B61BE5C4D400155A40 /* Main.storyboard */,
				F1393A1C1BE6582A00155A40 /* Meme.swift */,
				F1892BB51BF1EC6E0015BE44 /* CollectionViewController.swift */,
				F1892BB91BF1F7030015BE44 /* CustomMemeCell.swift */,
				F1892BB71BF1EDAD0015BE44 /* TableViewController.swift */,
				F1892BBB1BF1FCB40015BE44 /* DetailViewController.swift */,
				F13939B41BE5C4D400155A40 /* EditorViewController.swift */,
				F13939E01BE5FBEE00155A40 /* MemeTextFieldDelegate.swift */,
				F13939B91BE5C4D400155A40 /* Assets.xcassets */,
				F13939BB1BE5C4D400155A40 /* LaunchScreen.storyboard */,
				F13939BE1BE5C4D400155A40 /* Info.plist */,
				F1394DF91BEA4A1E0064DF96 /* Impact.ttf */,
			);
			path = Meme;
			sourceTree = "<group>";
		};
		F13939C61BE5C4D400155A40 /* MemeTests */ = {
			isa = PBXGroup;
			children = (
				F13939C71BE5C4D400155A40 /* MemeTests.swift */,
				F13939C91BE5C4D400155A40 /* Info.plist */,
			);
			path = MemeTests;
			sourceTree = "<group>";
		};
		F13939D11BE5C4D400155A40 /* MemeUITests */ = {
			isa = PBXGroup;
			children = (
				F13939D21BE5C4D400155A40 /* MemeUITests.swift */,
				F13939D41BE5C4D400155A40 /* Info.plist */,
			);
			path = MemeUITests;
			sourceTree = "<group>";
		};
/* End PBXGroup section */

/* Begin PBXNativeTarget section */
		F13939AE1BE5C4D300155A40 /* Meme */ = {
			isa = PBXNativeTarget;
			buildConfigurationList = F13939D71BE5C4D400155A40 /* Build configuration list for PBXNativeTarget "Meme" */;
			buildPhases = (
				F13939AB1BE5C4D300155A40 /* Sources */,
				F13939AC1BE5C4D300155A40 /* Frameworks */,
				F13939AD1BE5C4D300155A40 /* Resources */,
			);
			buildRules = (
			);
			dependencies = (
			);
			name = Meme;
			productName = MemeV0;
			productReference = F13939AF1BE5C4D300155A40 /* Meme.app */;
			productType = "com.apple.product-type.application";
		};
		F13939C21BE5C4D400155A40 /* MemeTests */ = {
			isa = PBXNativeTarget;
			buildConfigurationList = F13939DA1BE5C4D400155A40 /* Build configuration list for PBXNativeTarget "MemeTests" */;
			buildPhases = (
				F13939BF1BE5C4D400155A40 /* Sources */,
				F13939C01BE5C4D400155A40 /* Frameworks */,
				F13939C11BE5C4D400155A40 /* Resources */,
			);
			buildRules = (
			);
			dependencies = (
				F13939C51BE5C4D400155A40 /* PBXTargetDependency */,
			);
			name = MemeTests;
			productName = MemeV0Tests;
			productReference = F13939C31BE5C4D400155A40 /* Meme.xctest */;
			productType = "com.apple.product-type.bundle.unit-test";
		};
		F13939CD1BE5C4D400155A40 /* MemeUITests */ = {
			isa = PBXNativeTarget;
			buildConfigurationList = F13939DD1BE5C4D400155A40 /* Build configuration list for PBXNativeTarget "MemeUITests" */;
			buildPhases = (
				F13939CA1BE5C4D400155A40 /* Sources */,
				F13939CB1BE5C4D400155A40 /* Frameworks */,
				F13939CC1BE5C4D400155A40 /* Resources */,
			);
			buildRules = (
			);
			dependencies = (
				F13939D01BE5C4D400155A40 /* PBXTargetDependency */,
			);
			name = MemeUITests;
			productName = MemeV0UITests;
			productReference = F13939CE1BE5C4D400155A40 /* Meme.xctest */;
			productType = "com.apple.product-type.bundle.ui-testing";
		};
/* End PBXNativeTarget section */

/* Begin PBXProject section */
		F13939A71BE5C4D300155A40 /* Project object */ = {
			isa = PBXProject;
			attributes = {
				LastSwiftUpdateCheck = 0710;
				LastUpgradeCheck = 0710;
				ORGANIZATIONNAME = "Agito Cloud";
				TargetAttributes = {
					F13939AE1BE5C4D300155A40 = {
						CreatedOnToolsVersion = 7.1;
						DevelopmentTeam = G497SL8BWS;
					};
					F13939C21BE5C4D400155A40 = {
						CreatedOnToolsVersion = 7.1;
						TestTargetID = F13939AE1BE5C4D300155A40;
					};
					F13939CD1BE5C4D400155A40 = {
						CreatedOnToolsVersion = 7.1;
						TestTargetID = F13939AE1BE5C4D300155A40;
					};
				};
			};
			buildConfigurationList = F13939AA1BE5C4D300155A40 /* Build configuration list for PBXProject "Meme" */;
			compatibilityVersion = "Xcode 3.2";
			developmentRegion = English;
			hasScannedForEncodings = 0;
			knownRegions = (
				en,
				Base,
			);
			mainGroup = F13939A61BE5C4D300155A40;
			productRefGroup = F13939B01BE5C4D300155A40 /* Products */;
			projectDirPath = "";
			projectRoot = "";
			targets = (
				F13939AE1BE5C4D300155A40 /* Meme */,
				F13939C21BE5C4D400155A40 /* MemeTests */,
				F13939CD1BE5C4D400155A40 /* MemeUITests */,
			);
		};
/* End PBXProject section */

/* Begin PBXResourcesBuildPhase section */
		F13939AD1BE5C4D300155A40 /* Resources */ = {
			isa = PBXResourcesBuildPhase;
			buildActionMask = 2147483647;
			files = (
				F13939BD1BE5C4D400155A40 /* LaunchScreen.storyboard in Resources */,
				F13939BA1BE5C4D400155A40 /* Assets.xcassets in Resources */,
				F1394DFA1BEA4A1F0064DF96 /* Impact.ttf in Resources */,
				F13939B81BE5C4D400155A40 /* Main.storyboard in Resources */,
			);
			runOnlyForDeploymentPostprocessing = 0;
		};
		F13939C11BE5C4D400155A40 /* Resources */ = {
			isa = PBXResourcesBuildPhase;
			buildActionMask = 2147483647;
			files = (
			);
			runOnlyForDeploymentPostprocessing = 0;
		};
		F13939CC1BE5C4D400155A40 /* Resources */ = {
			isa = PBXResourcesBuildPhase;
			buildActionMask = 2147483647;
			files = (
			);
			runOnlyForDeploymentPostprocessing = 0;
		};
/* End PBXResourcesBuildPhase section */

/* Begin PBXSourcesBuildPhase section */
		F13939AB1BE5C4D300155A40 /* Sources */ = {
			isa = PBXSourcesBuildPhase;
			buildActionMask = 2147483647;
			files = (
				F13939B51BE5C4D400155A40 /* EditorViewController.swift in Sources */,
				F1892BB81BF1EDAD0015BE44 /* TableViewController.swift in Sources */,
				F1393A1D1BE6582A00155A40 /* Meme.swift in Sources */,
				F1892BBA1BF1F7030015BE44 /* CustomMemeCell.swift in Sources */,
				F13939E11BE5FBEE00155A40 /* MemeTextFieldDelegate.swift in Sources */,
				F13939B31BE5C4D400155A40 /* AppDelegate.swift in Sources */,
				F1892BB61BF1EC6E0015BE44 /* CollectionViewController.swift in Sources */,
				F10C8E531BF39F7D00DA4056 /* ViewControllerExtension.swift in Sources */,
				F1892BBC1BF1FCB40015BE44 /* DetailViewController.swift in Sources */,
			);
			runOnlyForDeploymentPostprocessing = 0;
		};
		F13939BF1BE5C4D400155A40 /* Sources */ = {
			isa = PBXSourcesBuildPhase;
			buildActionMask = 2147483647;
			files = (
				F13939C81BE5C4D400155A40 /* MemeTests.swift in Sources */,
			);
			runOnlyForDeploymentPostprocessing = 0;
		};
		F13939CA1BE5C4D400155A40 /* Sources */ = {
			isa = PBXSourcesBuildPhase;
			buildActionMask = 2147483647;
			files = (
				F13939D31BE5C4D400155A40 /* MemeUITests.swift in Sources */,
			);
			runOnlyForDeploymentPostprocessing = 0;
		};
/* End PBXSourcesBuildPhase section */

/* Begin PBXTargetDependency section */
		F13939C51BE5C4D400155A40 /* PBXTargetDependency */ = {
			isa = PBXTargetDependency;
			target = F13939AE1BE5C4D300155A40 /* Meme */;
			targetProxy = F13939C41BE5C4D400155A40 /* PBXContainerItemProxy */;
		};
		F13939D01BE5C4D400155A40 /* PBXTargetDependency */ = {
			isa = PBXTargetDependency;
			target = F13939AE1BE5C4D300155A40 /* Meme */;
			targetProxy = F13939CF1BE5C4D400155A40 /* PBXContainerItemProxy */;
		};
/* End PBXTargetDependency section */

/* Begin PBXVariantGroup section */
		F13939B61BE5C4D400155A40 /* Main.storyboard */ = {
			isa = PBXVariantGroup;
			children = (
				F13939B71BE5C4D400155A40 /* Base */,
			);
			name = Main.storyboard;
			sourceTree = "<group>";
		};
		F13939BB1BE5C4D400155A40 /* LaunchScreen.storyboard */ = {
			isa = PBXVariantGroup;
			children = (
				F13939BC1BE5C4D400155A40 /* Base */,
			);
			name = LaunchScreen.storyboard;
			sourceTree = "<group>";
		};
/* End PBXVariantGroup section */

/* Begin XCBuildConfiguration section */
		F13939D51BE5C4D400155A40 /* Debug */ = {
			isa = XCBuildConfiguration;
			buildSettings = {
				ALWAYS_SEARCH_USER_PATHS = NO;
				CLANG_CXX_LANGUAGE_STANDARD = "gnu++0x";
				CLANG_CXX_LIBRARY = "libc++";
				CLANG_ENABLE_MODULES = YES;
				CLANG_ENABLE_OBJC_ARC = YES;
				CLANG_WARN_BOOL_CONVERSION = YES;
				CLANG_WARN_CONSTANT_CONVERSION = YES;
				CLANG_WARN_DIRECT_OBJC_ISA_USAGE = YES_ERROR;
				CLANG_WARN_EMPTY_BODY = YES;
				CLANG_WARN_ENUM_CONVERSION = YES;
				CLANG_WARN_INT_CONVERSION = YES;
				CLANG_WARN_OBJC_ROOT_CLASS = YES_ERROR;
				CLANG_WARN_UNREACHABLE_CODE = YES;
				CLANG_WARN__DUPLICATE_METHOD_MATCH = YES;
				"CODE_SIGN_IDENTITY[sdk=iphoneos*]" = "iPhone Developer";
				COPY_PHASE_STRIP = NO;
				DEBUG_INFORMATION_FORMAT = dwarf;
				ENABLE_STRICT_OBJC_MSGSEND = YES;
				ENABLE_TESTABILITY = YES;
				GCC_C_LANGUAGE_STANDARD = gnu99;
				GCC_DYNAMIC_NO_PIC = NO;
				GCC_NO_COMMON_BLOCKS = YES;
				GCC_OPTIMIZATION_LEVEL = 0;
				GCC_PREPROCESSOR_DEFINITIONS = (
					"DEBUG=1",
					"$(inherited)",
				);
				GCC_WARN_64_TO_32_BIT_CONVERSION = YES;
				GCC_WARN_ABOUT_RETURN_TYPE = YES_ERROR;
				GCC_WARN_UNDECLARED_SELECTOR = YES;
				GCC_WARN_UNINITIALIZED_AUTOS = YES_AGGRESSIVE;
				GCC_WARN_UNUSED_FUNCTION = YES;
				GCC_WARN_UNUSED_VARIABLE = YES;
				IPHONEOS_DEPLOYMENT_TARGET = 9.1;
				MTL_ENABLE_DEBUG_INFO = YES;
				ONLY_ACTIVE_ARCH = YES;
				SDKROOT = iphoneos;
				SWIFT_OPTIMIZATION_LEVEL = "-Onone";
			};
			name = Debug;
		};
		F13939D61BE5C4D400155A40 /* Release */ = {
			isa = XCBuildConfiguration;
			buildSettings = {
				ALWAYS_SEARCH_USER_PATHS = NO;
				CLANG_CXX_LANGUAGE_STANDARD = "gnu++0x";
				CLANG_CXX_LIBRARY = "libc++";
				CLANG_ENABLE_MODULES = YES;
				CLANG_ENABLE_OBJC_ARC = YES;
				CLANG_WARN_BOOL_CONVERSION = YES;
				CLANG_WARN_CONSTANT_CONVERSION = YES;
				CLANG_WARN_DIRECT_OBJC_ISA_USAGE = YES_ERROR;
				CLANG_WARN_EMPTY_BODY = YES;
				CLANG_WARN_ENUM_CONVERSION = YES;
				CLANG_WARN_INT_CONVERSION = YES;
				CLANG_WARN_OBJC_ROOT_CLASS = YES_ERROR;
				CLANG_WARN_UNREACHABLE_CODE = YES;
				CLANG_WARN__DUPLICATE_METHOD_MATCH = YES;
				"CODE_SIGN_IDENTITY[sdk=iphoneos*]" = "iPhone Developer";
				COPY_PHASE_STRIP = NO;
				DEBUG_INFORMATION_FORMAT = "dwarf-with-dsym";
				ENABLE_NS_ASSERTIONS = NO;
				ENABLE_STRICT_OBJC_MSGSEND = YES;
				GCC_C_LANGUAGE_STANDARD = gnu99;
				GCC_NO_COMMON_BLOCKS = YES;
				GCC_WARN_64_TO_32_BIT_CONVERSION = YES;
				GCC_WARN_ABOUT_RETURN_TYPE = YES_ERROR;
				GCC_WARN_UNDECLARED_SELECTOR = YES;
				GCC_WARN_UNINITIALIZED_AUTOS = YES_AGGRESSIVE;
				GCC_WARN_UNUSED_FUNCTION = YES;
				GCC_WARN_UNUSED_VARIABLE = YES;
				IPHONEOS_DEPLOYMENT_TARGET = 9.1;
				MTL_ENABLE_DEBUG_INFO = NO;
				SDKROOT = iphoneos;
				VALIDATE_PRODUCT = YES;
			};
			name = Release;
		};
		F13939D81BE5C4D400155A40 /* Debug */ = {
			isa = XCBuildConfiguration;
			buildSettings = {
				CODE_SIGN_IDENTITY = "iPhone Developer";
				"CODE_SIGN_IDENTITY[sdk=iphoneos*]" = "iPhone Developer";
				INFOPLIST_FILE = Meme/Info.plist;
				LD_RUNPATH_SEARCH_PATHS = "$(inherited) @executable_path/Frameworks";
				PRODUCT_BUNDLE_IDENTIFIER = cc.agito.Meme;
				PRODUCT_NAME = Meme;
				PROVISIONING_PROFILE = "";
			};
			name = Debug;
		};
		F13939D91BE5C4D400155A40 /* Release */ = {
			isa = XCBuildConfiguration;
			buildSettings = {
				CODE_SIGN_IDENTITY = "iPhone Developer";
				"CODE_SIGN_IDENTITY[sdk=iphoneos*]" = "iPhone Developer";
				INFOPLIST_FILE = Meme/Info.plist;
				LD_RUNPATH_SEARCH_PATHS = "$(inherited) @executable_path/Frameworks";
				PRODUCT_BUNDLE_IDENTIFIER = cc.agito.Meme;
				PRODUCT_NAME = Meme;
				PROVISIONING_PROFILE = "";
			};
			name = Release;
		};
		F13939DB1BE5C4D400155A40 /* Debug */ = {
			isa = XCBuildConfiguration;
			buildSettings = {
				BUNDLE_LOADER = "$(TEST_HOST)";
				INFOPLIST_FILE = MemeTests/Info.plist;
				LD_RUNPATH_SEARCH_PATHS = "$(inherited) @executable_path/Frameworks @loader_path/Frameworks";
				PRODUCT_BUNDLE_IDENTIFIER = cc.agito.MemeTests;
				PRODUCT_NAME = Meme;
				TEST_HOST = "$(BUILT_PRODUCTS_DIR)/Meme.app/Meme";
			};
			name = Debug;
		};
		F13939DC1BE5C4D400155A40 /* Release */ = {
			isa = XCBuildConfiguration;
			buildSettings = {
				BUNDLE_LOADER = "$(TEST_HOST)";
				INFOPLIST_FILE = MemeTests/Info.plist;
				LD_RUNPATH_SEARCH_PATHS = "$(inherited) @executable_path/Frameworks @loader_path/Frameworks";
				PRODUCT_BUNDLE_IDENTIFIER = cc.agito.MemeTests;
				PRODUCT_NAME = Meme;
				TEST_HOST = "$(BUILT_PRODUCTS_DIR)/Meme.app/Meme";
			};
			name = Release;
		};
		F13939DE1BE5C4D400155A40 /* Debug */ = {
			isa = XCBuildConfiguration;
			buildSettings = {
				INFOPLIST_FILE = MemeUITests/Info.plist;
				LD_RUNPATH_SEARCH_PATHS = "$(inherited) @executable_path/Frameworks @loader_path/Frameworks";
				PRODUCT_BUNDLE_IDENTIFIER = cc.agito.MemeUITests;
				PRODUCT_NAME = Meme;
				TEST_TARGET_NAME = Meme;
				USES_XCTRUNNER = YES;
			};
			name = Debug;
		};
		F13939DF1BE5C4D400155A40 /* Release */ = {
			isa = XCBuildConfiguration;
			buildSettings = {
				INFOPLIST_FILE = MemeUITests/Info.plist;
				LD_RUNPATH_SEARCH_PATHS = "$(inherited) @executable_path/Frameworks @loader_path/Frameworks";
				PRODUCT_BUNDLE_IDENTIFIER = cc.agito.MemeUITests;
				PRODUCT_NAME = Meme;
				TEST_TARGET_NAME = Meme;
				USES_XCTRUNNER = YES;
			};
			name = Release;
		};
/* End XCBuildConfiguration section */

/* Begin XCConfigurationList section */
		F13939AA1BE5C4D300155A40 /* Build configuration list for PBXProject "Meme" */ = {
			isa = XCConfigurationList;
			buildConfigurations = (
				F13939D51BE5C4D400155A40 /* Debug */,
				F13939D61BE5C4D400155A40 /* Release */,
			);
			defaultConfigurationIsVisible = 0;
			defaultConfigurationName = Release;
		};
		F13939D71BE5C4D400155A40 /* Build configuration list for PBXNativeTarget "Meme" */ = {
			isa = XCConfigurationList;
			buildConfigurations = (
				F13939D81BE5C4D400155A40 /* Debug */,
				F13939D91BE5C4D400155A40 /* Release */,
			);
			defaultConfigurationIsVisible = 0;
			defaultConfigurationName = Release;
		};
		F13939DA1BE5C4D400155A40 /* Build configuration list for PBXNativeTarget "MemeTests" */ = {
			isa = XCConfigurationList;
			buildConfigurations = (
				F13939DB1BE5C4D400155A40 /* Debug */,
				F13939DC1BE5C4D400155A40 /* Release */,
			);
			defaultConfigurationIsVisible = 0;
			defaultConfigurationName = Release;
		};
		F13939DD1BE5C4D400155A40 /* Build configuration list for PBXNativeTarget "MemeUITests" */ = {
			isa = XCConfigurationList;
			buildConfigurations = (
				F13939DE1BE5C4D400155A40 /* Debug */,
				F13939DF1BE5C4D400155A40 /* Release */,
			);
			defaultConfigurationIsVisible = 0;
			defaultConfigurationName = Release;
		};
/* End XCConfigurationList section */
	};
	rootObject = F13939A71BE5C4D300155A40 /* Project object */;
}
